
Microsoft Visual Studio Solution File, Format Version 12.00
# Visual Studio Version 16
VisualStudioVersion = 16.0.31025.194
MinimumVisualStudioVersion = 10.0.40219.1
Project("{FAE04EC0-301F-11D3-BF4B-00C04F79EFBC}") = "GiphyIntegrationWpfApp", "GiphyIntegrationWpfApp\GiphyIntegrationWpfApp.csproj", "{56811DCE-09F0-4595-8B24-B9DA3BA857CF}"
EndProject
Project("{FAE04EC0-301F-11D3-BF4B-00C04F79EFBC}") = "GiphyRequestorLib", "GiphyRequestorLib\GiphyRequestorLib.csproj", "{CCD8FCAD-5130-475B-B4CC-9CF8E031CD18}"
EndProject
Project("{FAE04EC0-301F-11D3-BF4B-00C04F79EFBC}") = "GiphyIntegrationConsoleApp", "GiphyIntegrationConsoleApp\GiphyIntegrationConsoleApp.csproj", "{7F7F2D7A-0F90-458D-8FD2-37252132EC31}"
EndProject
Global
	GlobalSection(SolutionConfigurationPlatforms) = preSolution
		Debug|Any CPU = Debug|Any CPU
		Release|Any CPU = Release|Any CPU
	EndGlobalSection
	GlobalSection(ProjectConfigurationPlatforms) = postSolution
		{56811DCE-09F0-4595-8B24-B9DA3BA857CF}.Debug|Any CPU.ActiveCfg = Debug|Any CPU
		{56811DCE-09F0-4595-8B24-B9DA3BA857CF}.Debug|Any CPU.Build.0 = Debug|Any CPU
		{56811DCE-09F0-4595-8B24-B9DA3BA857CF}.Release|Any CPU.ActiveCfg = Release|Any CPU
		{56811DCE-09F0-4595-8B24-B9DA3BA857CF}.Release|Any CPU.Build.0 = Release|Any CPU
		{CCD8FCAD-5130-475B-B4CC-9CF8E031CD18}.Debug|Any CPU.ActiveCfg = Debug|Any CPU
		{CCD8FCAD-5130-475B-B4CC-9CF8E031CD18}.Debug|Any CPU.Build.0 = Debug|Any CPU
		{CCD8FCAD-5130-475B-B4CC-9CF8E031CD18}.Release|Any CPU.ActiveCfg = Release|Any CPU
		{CCD8FCAD-5130-475B-B4CC-9CF8E031CD18}.Release|Any CPU.Build.0 = Release|Any CPU
		{7F7F2D7A-0F90-458D-8FD2-37252132EC31}.Debug|Any CPU.ActiveCfg = Debug|Any CPU
		{7F7F2D7A-0F90-458D-8FD2-37252132EC31}.Debug|Any CPU.Build.0 = Debug|Any CPU
		{7F7F2D7A-0F90-458D-8FD2-37252132EC31}.Release|Any CPU.ActiveCfg = Release|Any CPU
		{7F7F2D7A-0F90-458D-8FD2-37252132EC31}.Release|Any CPU.Build.0 = Release|Any CPU
	EndGlobalSection
	GlobalSection(SolutionProperties) = preSolution
		HideSolutionNode = FALSE
	EndGlobalSection
	GlobalSection(ExtensibilityGlobals) = postSolution
		SolutionGuid = {37917049-1779-4450-90CD-DC5F5B977576}
	EndGlobalSection
EndGlobal
